
Microsoft Visual Studio Solution File, Format Version 12.00
# Visual Studio Version 16
VisualStudioVersion = 16.0.30114.105
MinimumVisualStudioVersion = 10.0.40219.1
Project("{FAE04EC0-301F-11D3-BF4B-00C04F79EFBC}") = "God.CLI.Common", "God.CLI.Common\God.CLI.Common.csproj", "{2A88B5A6-663E-420D-A7C7-27E23A29C67D}"
EndProject
Project("{FAE04EC0-301F-11D3-BF4B-00C04F79EFBC}") = "God.CLI", "God.CLI\God.CLI.csproj", "{042E2111-3E0B-463B-A32D-CE31B2CA1466}"
EndProject
Project("{FAE04EC0-301F-11D3-BF4B-00C04F79EFBC}") = "God.CLI.ConsoleFramework", "God.CLI.ConsoleFramework\God.CLI.ConsoleFramework.csproj", "{AE58902B-FD02-4DE9-ABC6-259A2A5FEE21}"
EndProject
Project("{FAE04EC0-301F-11D3-BF4B-00C04F79EFBC}") = "God.CLI.Domain", "God.CLI.Domain\God.CLI.Domain.csproj", "{7C323E70-33AC-4314-A2E8-B43D4836AE8A}"
EndProject
Global
	GlobalSection(SolutionConfigurationPlatforms) = preSolution
		Debug|Any CPU = Debug|Any CPU
		Debug|x64 = Debug|x64
		Debug|x86 = Debug|x86
		Release|Any CPU = Release|Any CPU
		Release|x64 = Release|x64
		Release|x86 = Release|x86
	EndGlobalSection
	GlobalSection(SolutionProperties) = preSolution
		HideSolutionNode = FALSE
	EndGlobalSection
	GlobalSection(ProjectConfigurationPlatforms) = postSolution
		{2A88B5A6-663E-420D-A7C7-27E23A29C67D}.Debug|Any CPU.ActiveCfg = Debug|Any CPU
		{2A88B5A6-663E-420D-A7C7-27E23A29C67D}.Debug|Any CPU.Build.0 = Debug|Any CPU
		{2A88B5A6-663E-420D-A7C7-27E23A29C67D}.Debug|x64.ActiveCfg = Debug|Any CPU
		{2A88B5A6-663E-420D-A7C7-27E23A29C67D}.Debug|x64.Build.0 = Debug|Any CPU
		{2A88B5A6-663E-420D-A7C7-27E23A29C67D}.Debug|x86.ActiveCfg = Debug|Any CPU
		{2A88B5A6-663E-420D-A7C7-27E23A29C67D}.Debug|x86.Build.0 = Debug|Any CPU
		{2A88B5A6-663E-420D-A7C7-27E23A29C67D}.Release|Any CPU.ActiveCfg = Release|Any CPU
		{2A88B5A6-663E-420D-A7C7-27E23A29C67D}.Release|Any CPU.Build.0 = Release|Any CPU
		{2A88B5A6-663E-420D-A7C7-27E23A29C67D}.Release|x64.ActiveCfg = Release|Any CPU
		{2A88B5A6-663E-420D-A7C7-27E23A29C67D}.Release|x64.Build.0 = Release|Any CPU
		{2A88B5A6-663E-420D-A7C7-27E23A29C67D}.Release|x86.ActiveCfg = Release|Any CPU
		{2A88B5A6-663E-420D-A7C7-27E23A29C67D}.Release|x86.Build.0 = Release|Any CPU
		{042E2111-3E0B-463B-A32D-CE31B2CA1466}.Debug|Any CPU.ActiveCfg = Debug|Any CPU
		{042E2111-3E0B-463B-A32D-CE31B2CA1466}.Debug|Any CPU.Build.0 = Debug|Any CPU
		{042E2111-3E0B-463B-A32D-CE31B2CA1466}.Debug|x64.ActiveCfg = Debug|Any CPU
		{042E2111-3E0B-463B-A32D-CE31B2CA1466}.Debug|x64.Build.0 = Debug|Any CPU
		{042E2111-3E0B-463B-A32D-CE31B2CA1466}.Debug|x86.ActiveCfg = Debug|Any CPU
		{042E2111-3E0B-463B-A32D-CE31B2CA1466}.Debug|x86.Build.0 = Debug|Any CPU
		{042E2111-3E0B-463B-A32D-CE31B2CA1466}.Release|Any CPU.ActiveCfg = Release|Any CPU
		{042E2111-3E0B-463B-A32D-CE31B2CA1466}.Release|Any CPU.Build.0 = Release|Any CPU
		{042E2111-3E0B-463B-A32D-CE31B2CA1466}.Release|x64.ActiveCfg = Release|Any CPU
		{042E2111-3E0B-463B-A32D-CE31B2CA1466}.Release|x64.Build.0 = Release|Any CPU
		{042E2111-3E0B-463B-A32D-CE31B2CA1466}.Release|x86.ActiveCfg = Release|Any CPU
		{042E2111-3E0B-463B-A32D-CE31B2CA1466}.Release|x86.Build.0 = Release|Any CPU
		{AE58902B-FD02-4DE9-ABC6-259A2A5FEE21}.Debug|Any CPU.ActiveCfg = Debug|Any CPU
		{AE58902B-FD02-4DE9-ABC6-259A2A5FEE21}.Debug|Any CPU.Build.0 = Debug|Any CPU
		{AE58902B-FD02-4DE9-ABC6-259A2A5FEE21}.Debug|x64.ActiveCfg = Debug|Any CPU
		{AE58902B-FD02-4DE9-ABC6-259A2A5FEE21}.Debug|x64.Build.0 = Debug|Any CPU
		{AE58902B-FD02-4DE9-ABC6-259A2A5FEE21}.Debug|x86.ActiveCfg = Debug|Any CPU
		{AE58902B-FD02-4DE9-ABC6-259A2A5FEE21}.Debug|x86.Build.0 = Debug|Any CPU
		{AE58902B-FD02-4DE9-ABC6-259A2A5FEE21}.Release|Any CPU.ActiveCfg = Release|Any CPU
		{AE58902B-FD02-4DE9-ABC6-259A2A5FEE21}.Release|Any CPU.Build.0 = Release|Any CPU
		{AE58902B-FD02-4DE9-ABC6-259A2A5FEE21}.Release|x64.ActiveCfg = Release|Any CPU
		{AE58902B-FD02-4DE9-ABC6-259A2A5FEE21}.Release|x64.Build.0 = Release|Any CPU
		{AE58902B-FD02-4DE9-ABC6-259A2A5FEE21}.Release|x86.ActiveCfg = Release|Any CPU
		{AE58902B-FD02-4DE9-ABC6-259A2A5FEE21}.Release|x86.Build.0 = Release|Any CPU
		{7C323E70-33AC-4314-A2E8-B43D4836AE8A}.Debug|Any CPU.ActiveCfg = Debug|Any CPU
		{7C323E70-33AC-4314-A2E8-B43D4836AE8A}.Debug|Any CPU.Build.0 = Debug|Any CPU
		{7C323E70-33AC-4314-A2E8-B43D4836AE8A}.Debug|x64.ActiveCfg = Debug|Any CPU
		{7C323E70-33AC-4314-A2E8-B43D4836AE8A}.Debug|x64.Build.0 = Debug|Any CPU
		{7C323E70-33AC-4314-A2E8-B43D4836AE8A}.Debug|x86.ActiveCfg = Debug|Any CPU
		{7C323E70-33AC-4314-A2E8-B43D4836AE8A}.Debug|x86.Build.0 = Debug|Any CPU
		{7C323E70-33AC-4314-A2E8-B43D4836AE8A}.Release|Any CPU.ActiveCfg = Release|Any CPU
		{7C323E70-33AC-4314-A2E8-B43D4836AE8A}.Release|Any CPU.Build.0 = Release|Any CPU
		{7C323E70-33AC-4314-A2E8-B43D4836AE8A}.Release|x64.ActiveCfg = Release|Any CPU
		{7C323E70-33AC-4314-A2E8-B43D4836AE8A}.Release|x64.Build.0 = Release|Any CPU
		{7C323E70-33AC-4314-A2E8-B43D4836AE8A}.Release|x86.ActiveCfg = Release|Any CPU
		{7C323E70-33AC-4314-A2E8-B43D4836AE8A}.Release|x86.Build.0 = Release|Any CPU
	EndGlobalSection
EndGlobal
